
Microsoft Visual Studio Solution File, Format Version 12.00
# Visual Studio Version 17
VisualStudioVersion = 17.4.33213.308
MinimumVisualStudioVersion = 10.0.40219.1
Project("{9A19103F-16F7-4668-BE54-9A1E7A4F7556}") = "LABO", "LABO\LABO.csproj", "{88E19552-B4C9-4180-8AF0-B95548B694D6}"
EndProject
Project("{9A19103F-16F7-4668-BE54-9A1E7A4F7556}") = "MaLibrairieForme", "MaLibrairieForme\MaLibrairieForme.csproj", "{4134793A-A1E3-4D95-8CF0-614097A36360}"
EndProject
Project("{9A19103F-16F7-4668-BE54-9A1E7A4F7556}") = "MaLibrairieMath", "MathUtil\MaLibrairieMath.csproj", "{FC606547-1190-4896-8C15-74762138A71B}"
EndProject
Project("{9A19103F-16F7-4668-BE54-9A1E7A4F7556}") = "MaLibrairieFormeTests", "MaLibrairieFormeTests\MaLibrairieFormeTests.csproj", "{50A007AD-C893-4017-9577-4602D57982DD}"
EndProject
Project("{9A19103F-16F7-4668-BE54-9A1E7A4F7556}") = "Labo2", "Labo2\Labo2.csproj", "{68F75DFA-D172-47EA-A113-DBE69D57AEAB}"
EndProject
Project("{9A19103F-16F7-4668-BE54-9A1E7A4F7556}") = "Labo3", "Labo3\Labo3.csproj", "{B5713A8C-A252-473E-9385-301606098B0B}"
EndProject
Project("{2150E333-8FDC-42A3-9474-1A3956D46DE8}") = "labo 1", "labo 1", "{208599B1-3C78-42A7-A7D5-CF45824A2A12}"
EndProject
Project("{9A19103F-16F7-4668-BE54-9A1E7A4F7556}") = "Infrastructure", "Infrastructure\Infrastructure.csproj", "{12345F57-175F-418C-87F4-0144AFD1ACB1}"
EndProject
Project("{9A19103F-16F7-4668-BE54-9A1E7A4F7556}") = "ViewModel", "ViewModel\ViewModel.csproj", "{6EAC14AC-AC7A-46EA-9B0E-53663B02B778}"
EndProject
Project("{2150E333-8FDC-42A3-9474-1A3956D46DE8}") = "Labo 2", "Labo 2", "{9566A7CB-BD6E-4471-8695-4DAC7FBACA17}"
EndProject
Project("{2150E333-8FDC-42A3-9474-1A3956D46DE8}") = "Labo 3", "Labo 3", "{8F9D7C8A-D40A-4BF3-8E6E-0FACEC8F9A4F}"
EndProject
Project("{2150E333-8FDC-42A3-9474-1A3956D46DE8}") = "Labo 4", "Labo 4", "{E492368D-037E-4E5B-8BC0-F7982512E168}"
EndProject
Project("{9A19103F-16F7-4668-BE54-9A1E7A4F7556}") = "labo4", "labo4\labo4.csproj", "{EFFAB259-24EA-4844-82E1-0AD21F79F34C}"
EndProject
Global
	GlobalSection(SolutionConfigurationPlatforms) = preSolution
		Debug|Any CPU = Debug|Any CPU
		Release|Any CPU = Release|Any CPU
	EndGlobalSection
	GlobalSection(ProjectConfigurationPlatforms) = postSolution
		{88E19552-B4C9-4180-8AF0-B95548B694D6}.Debug|Any CPU.ActiveCfg = Debug|Any CPU
		{88E19552-B4C9-4180-8AF0-B95548B694D6}.Debug|Any CPU.Build.0 = Debug|Any CPU
		{88E19552-B4C9-4180-8AF0-B95548B694D6}.Release|Any CPU.ActiveCfg = Release|Any CPU
		{88E19552-B4C9-4180-8AF0-B95548B694D6}.Release|Any CPU.Build.0 = Release|Any CPU
		{4134793A-A1E3-4D95-8CF0-614097A36360}.Debug|Any CPU.ActiveCfg = Debug|Any CPU
		{4134793A-A1E3-4D95-8CF0-614097A36360}.Debug|Any CPU.Build.0 = Debug|Any CPU
		{4134793A-A1E3-4D95-8CF0-614097A36360}.Release|Any CPU.ActiveCfg = Release|Any CPU
		{4134793A-A1E3-4D95-8CF0-614097A36360}.Release|Any CPU.Build.0 = Release|Any CPU
		{FC606547-1190-4896-8C15-74762138A71B}.Debug|Any CPU.ActiveCfg = Debug|Any CPU
		{FC606547-1190-4896-8C15-74762138A71B}.Debug|Any CPU.Build.0 = Debug|Any CPU
		{FC606547-1190-4896-8C15-74762138A71B}.Release|Any CPU.ActiveCfg = Release|Any CPU
		{FC606547-1190-4896-8C15-74762138A71B}.Release|Any CPU.Build.0 = Release|Any CPU
		{50A007AD-C893-4017-9577-4602D57982DD}.Debug|Any CPU.ActiveCfg = Debug|Any CPU
		{50A007AD-C893-4017-9577-4602D57982DD}.Debug|Any CPU.Build.0 = Debug|Any CPU
		{50A007AD-C893-4017-9577-4602D57982DD}.Release|Any CPU.ActiveCfg = Release|Any CPU
		{50A007AD-C893-4017-9577-4602D57982DD}.Release|Any CPU.Build.0 = Release|Any CPU
		{68F75DFA-D172-47EA-A113-DBE69D57AEAB}.Debug|Any CPU.ActiveCfg = Debug|Any CPU
		{68F75DFA-D172-47EA-A113-DBE69D57AEAB}.Debug|Any CPU.Build.0 = Debug|Any CPU
		{68F75DFA-D172-47EA-A113-DBE69D57AEAB}.Release|Any CPU.ActiveCfg = Release|Any CPU
		{68F75DFA-D172-47EA-A113-DBE69D57AEAB}.Release|Any CPU.Build.0 = Release|Any CPU
		{B5713A8C-A252-473E-9385-301606098B0B}.Debug|Any CPU.ActiveCfg = Debug|Any CPU
		{B5713A8C-A252-473E-9385-301606098B0B}.Debug|Any CPU.Build.0 = Debug|Any CPU
		{B5713A8C-A252-473E-9385-301606098B0B}.Release|Any CPU.ActiveCfg = Release|Any CPU
		{B5713A8C-A252-473E-9385-301606098B0B}.Release|Any CPU.Build.0 = Release|Any CPU
		{12345F57-175F-418C-87F4-0144AFD1ACB1}.Debug|Any CPU.ActiveCfg = Debug|Any CPU
		{12345F57-175F-418C-87F4-0144AFD1ACB1}.Debug|Any CPU.Build.0 = Debug|Any CPU
		{12345F57-175F-418C-87F4-0144AFD1ACB1}.Release|Any CPU.ActiveCfg = Release|Any CPU
		{12345F57-175F-418C-87F4-0144AFD1ACB1}.Release|Any CPU.Build.0 = Release|Any CPU
		{6EAC14AC-AC7A-46EA-9B0E-53663B02B778}.Debug|Any CPU.ActiveCfg = Debug|Any CPU
		{6EAC14AC-AC7A-46EA-9B0E-53663B02B778}.Debug|Any CPU.Build.0 = Debug|Any CPU
		{6EAC14AC-AC7A-46EA-9B0E-53663B02B778}.Release|Any CPU.ActiveCfg = Release|Any CPU
		{6EAC14AC-AC7A-46EA-9B0E-53663B02B778}.Release|Any CPU.Build.0 = Release|Any CPU
		{EFFAB259-24EA-4844-82E1-0AD21F79F34C}.Debug|Any CPU.ActiveCfg = Debug|Any CPU
		{EFFAB259-24EA-4844-82E1-0AD21F79F34C}.Debug|Any CPU.Build.0 = Debug|Any CPU
		{EFFAB259-24EA-4844-82E1-0AD21F79F34C}.Release|Any CPU.ActiveCfg = Release|Any CPU
		{EFFAB259-24EA-4844-82E1-0AD21F79F34C}.Release|Any CPU.Build.0 = Release|Any CPU
	EndGlobalSection
	GlobalSection(SolutionProperties) = preSolution
		HideSolutionNode = FALSE
	EndGlobalSection
	GlobalSection(NestedProjects) = preSolution
		{88E19552-B4C9-4180-8AF0-B95548B694D6} = {208599B1-3C78-42A7-A7D5-CF45824A2A12}
		{68F75DFA-D172-47EA-A113-DBE69D57AEAB} = {9566A7CB-BD6E-4471-8695-4DAC7FBACA17}
		{B5713A8C-A252-473E-9385-301606098B0B} = {8F9D7C8A-D40A-4BF3-8E6E-0FACEC8F9A4F}
		{12345F57-175F-418C-87F4-0144AFD1ACB1} = {8F9D7C8A-D40A-4BF3-8E6E-0FACEC8F9A4F}
		{6EAC14AC-AC7A-46EA-9B0E-53663B02B778} = {8F9D7C8A-D40A-4BF3-8E6E-0FACEC8F9A4F}
		{EFFAB259-24EA-4844-82E1-0AD21F79F34C} = {E492368D-037E-4E5B-8BC0-F7982512E168}
	EndGlobalSection
	GlobalSection(ExtensibilityGlobals) = postSolution
		SolutionGuid = {9F3B6355-2E13-447C-86BB-AF269F8E3064}
	EndGlobalSection
EndGlobal
